// !$*UTF8*$!
{
	archiveVersion = 1;
	classes = {
	};
	objectVersion = 56;
	objects = {

/* Begin PBXBuildFile section */
		906385DF2AEEF28A00220DE9 /* BudgetPlannerApp.swift in Sources */ = {isa = PBXBuildFile; fileRef = 906385DE2AEEF28A00220DE9 /* BudgetPlannerApp.swift */; };
		906385E12AEEF28A00220DE9 /* ContentView.swift in Sources */ = {isa = PBXBuildFile; fileRef = 906385E02AEEF28A00220DE9 /* ContentView.swift */; };
		906385E32AEEF28B00220DE9 /* Assets.xcassets in Resources */ = {isa = PBXBuildFile; fileRef = 906385E22AEEF28B00220DE9 /* Assets.xcassets */; };
		906385E62AEEF28B00220DE9 /* Preview Assets.xcassets in Resources */ = {isa = PBXBuildFile; fileRef = 906385E52AEEF28B00220DE9 /* Preview Assets.xcassets */; };
		906385F02AEEF28B00220DE9 /* BudgetPlannerTests.swift in Sources */ = {isa = PBXBuildFile; fileRef = 906385EF2AEEF28B00220DE9 /* BudgetPlannerTests.swift */; };
		906385FA2AEEF28B00220DE9 /* BudgetPlannerUITests.swift in Sources */ = {isa = PBXBuildFile; fileRef = 906385F92AEEF28B00220DE9 /* BudgetPlannerUITests.swift */; };
		906385FC2AEEF28B00220DE9 /* BudgetPlannerUITestsLaunchTests.swift in Sources */ = {isa = PBXBuildFile; fileRef = 906385FB2AEEF28B00220DE9 /* BudgetPlannerUITestsLaunchTests.swift */; };
		9063860A2AEEF36200220DE9 /* Income.swift in Sources */ = {isa = PBXBuildFile; fileRef = 906386092AEEF36200220DE9 /* Income.swift */; };
		9063860D2AEFD2C900220DE9 /* IncomeViewModel.swift in Sources */ = {isa = PBXBuildFile; fileRef = 9063860C2AEFD2C900220DE9 /* IncomeViewModel.swift */; };
		906386102AEFD5D100220DE9 /* IncomeListView.swift in Sources */ = {isa = PBXBuildFile; fileRef = 9063860F2AEFD5D100220DE9 /* IncomeListView.swift */; };
		906386122AEFD5F300220DE9 /* IncomeRowView.swift in Sources */ = {isa = PBXBuildFile; fileRef = 906386112AEFD5F300220DE9 /* IncomeRowView.swift */; };
		906386152AEFD6A600220DE9 /* AddIncomeView.swift in Sources */ = {isa = PBXBuildFile; fileRef = 906386142AEFD6A600220DE9 /* AddIncomeView.swift */; };
		906386172AEFD7DC00220DE9 /* IncomeDetailsView.swift in Sources */ = {isa = PBXBuildFile; fileRef = 906386162AEFD7DC00220DE9 /* IncomeDetailsView.swift */; };
		906386192AEFD8BE00220DE9 /* EditIncomeView.swift in Sources */ = {isa = PBXBuildFile; fileRef = 906386182AEFD8BE00220DE9 /* EditIncomeView.swift */; };
		908E161B2AF7BBFE0008E7C8 /* CardStyleModifier.swift in Sources */ = {isa = PBXBuildFile; fileRef = 908E161A2AF7BBFE0008E7C8 /* CardStyleModifier.swift */; };
		908E161E2AF907880008E7C8 /* NavBarView.swift in Sources */ = {isa = PBXBuildFile; fileRef = 908E161D2AF907880008E7C8 /* NavBarView.swift */; };
/* End PBXBuildFile section */

/* Begin PBXContainerItemProxy section */
		906385EC2AEEF28B00220DE9 /* PBXContainerItemProxy */ = {
			isa = PBXContainerItemProxy;
			containerPortal = 906385D32AEEF28A00220DE9 /* Project object */;
			proxyType = 1;
			remoteGlobalIDString = 906385DA2AEEF28A00220DE9;
			remoteInfo = BudgetPlanner;
		};
		906385F62AEEF28B00220DE9 /* PBXContainerItemProxy */ = {
			isa = PBXContainerItemProxy;
			containerPortal = 906385D32AEEF28A00220DE9 /* Project object */;
			proxyType = 1;
			remoteGlobalIDString = 906385DA2AEEF28A00220DE9;
			remoteInfo = BudgetPlanner;
		};
/* End PBXContainerItemProxy section */

/* Begin PBXFileReference section */
		906385DB2AEEF28A00220DE9 /* BudgetPlanner.app */ = {isa = PBXFileReference; explicitFileType = wrapper.application; includeInIndex = 0; path = BudgetPlanner.app; sourceTree = BUILT_PRODUCTS_DIR; };
		906385DE2AEEF28A00220DE9 /* BudgetPlannerApp.swift */ = {isa = PBXFileReference; lastKnownFileType = sourcecode.swift; path = BudgetPlannerApp.swift; sourceTree = "<group>"; };
		906385E02AEEF28A00220DE9 /* ContentView.swift */ = {isa = PBXFileReference; lastKnownFileType = sourcecode.swift; path = ContentView.swift; sourceTree = "<group>"; };
		906385E22AEEF28B00220DE9 /* Assets.xcassets */ = {isa = PBXFileReference; lastKnownFileType = folder.assetcatalog; path = Assets.xcassets; sourceTree = "<group>"; };
		906385E52AEEF28B00220DE9 /* Preview Assets.xcassets */ = {isa = PBXFileReference; lastKnownFileType = folder.assetcatalog; path = "Preview Assets.xcassets"; sourceTree = "<group>"; };
		906385EB2AEEF28B00220DE9 /* BudgetPlannerTests.xctest */ = {isa = PBXFileReference; explicitFileType = wrapper.cfbundle; includeInIndex = 0; path = BudgetPlannerTests.xctest; sourceTree = BUILT_PRODUCTS_DIR; };
		906385EF2AEEF28B00220DE9 /* BudgetPlannerTests.swift */ = {isa = PBXFileReference; lastKnownFileType = sourcecode.swift; path = BudgetPlannerTests.swift; sourceTree = "<group>"; };
		906385F52AEEF28B00220DE9 /* BudgetPlannerUITests.xctest */ = {isa = PBXFileReference; explicitFileType = wrapper.cfbundle; includeInIndex = 0; path = BudgetPlannerUITests.xctest; sourceTree = BUILT_PRODUCTS_DIR; };
		906385F92AEEF28B00220DE9 /* BudgetPlannerUITests.swift */ = {isa = PBXFileReference; lastKnownFileType = sourcecode.swift; path = BudgetPlannerUITests.swift; sourceTree = "<group>"; };
		906385FB2AEEF28B00220DE9 /* BudgetPlannerUITestsLaunchTests.swift */ = {isa = PBXFileReference; lastKnownFileType = sourcecode.swift; path = BudgetPlannerUITestsLaunchTests.swift; sourceTree = "<group>"; };
		906386092AEEF36200220DE9 /* Income.swift */ = {isa = PBXFileReference; lastKnownFileType = sourcecode.swift; path = Income.swift; sourceTree = "<group>"; };
		9063860C2AEFD2C900220DE9 /* IncomeViewModel.swift */ = {isa = PBXFileReference; lastKnownFileType = sourcecode.swift; path = IncomeViewModel.swift; sourceTree = "<group>"; };
		9063860F2AEFD5D100220DE9 /* IncomeListView.swift */ = {isa = PBXFileReference; lastKnownFileType = sourcecode.swift; path = IncomeListView.swift; sourceTree = "<group>"; };
		906386112AEFD5F300220DE9 /* IncomeRowView.swift */ = {isa = PBXFileReference; lastKnownFileType = sourcecode.swift; path = IncomeRowView.swift; sourceTree = "<group>"; };
		906386142AEFD6A600220DE9 /* AddIncomeView.swift */ = {isa = PBXFileReference; lastKnownFileType = sourcecode.swift; path = AddIncomeView.swift; sourceTree = "<group>"; };
		906386162AEFD7DC00220DE9 /* IncomeDetailsView.swift */ = {isa = PBXFileReference; lastKnownFileType = sourcecode.swift; path = IncomeDetailsView.swift; sourceTree = "<group>"; };
		906386182AEFD8BE00220DE9 /* EditIncomeView.swift */ = {isa = PBXFileReference; lastKnownFileType = sourcecode.swift; path = EditIncomeView.swift; sourceTree = "<group>"; };
		908E161A2AF7BBFE0008E7C8 /* CardStyleModifier.swift */ = {isa = PBXFileReference; lastKnownFileType = sourcecode.swift; path = CardStyleModifier.swift; sourceTree = "<group>"; };
		908E161D2AF907880008E7C8 /* NavBarView.swift */ = {isa = PBXFileReference; lastKnownFileType = sourcecode.swift; path = NavBarView.swift; sourceTree = "<group>"; };
/* End PBXFileReference section */

/* Begin PBXFrameworksBuildPhase section */
		906385D82AEEF28A00220DE9 /* Frameworks */ = {
			isa = PBXFrameworksBuildPhase;
			buildActionMask = 2147483647;
			files = (
			);
			runOnlyForDeploymentPostprocessing = 0;
		};
		906385E82AEEF28B00220DE9 /* Frameworks */ = {
			isa = PBXFrameworksBuildPhase;
			buildActionMask = 2147483647;
			files = (
			);
			runOnlyForDeploymentPostprocessing = 0;
		};
		906385F22AEEF28B00220DE9 /* Frameworks */ = {
			isa = PBXFrameworksBuildPhase;
			buildActionMask = 2147483647;
			files = (
			);
			runOnlyForDeploymentPostprocessing = 0;
		};
/* End PBXFrameworksBuildPhase section */

/* Begin PBXGroup section */
		906385D22AEEF28A00220DE9 = {
			isa = PBXGroup;
			children = (
				906385DD2AEEF28A00220DE9 /* BudgetPlanner */,
				906385EE2AEEF28B00220DE9 /* BudgetPlannerTests */,
				906385F82AEEF28B00220DE9 /* BudgetPlannerUITests */,
				906385DC2AEEF28A00220DE9 /* Products */,
			);
			sourceTree = "<group>";
		};
		906385DC2AEEF28A00220DE9 /* Products */ = {
			isa = PBXGroup;
			children = (
				906385DB2AEEF28A00220DE9 /* BudgetPlanner.app */,
				906385EB2AEEF28B00220DE9 /* BudgetPlannerTests.xctest */,
				906385F52AEEF28B00220DE9 /* BudgetPlannerUITests.xctest */,
			);
			name = Products;
			sourceTree = "<group>";
		};
		906385DD2AEEF28A00220DE9 /* BudgetPlanner */ = {
			isa = PBXGroup;
			children = (
				908E16192AF7BBE90008E7C8 /* Modifiers */,
				9063860E2AEFD5C200220DE9 /* Views */,
				9063860B2AEFD2B000220DE9 /* ViewModels */,
				906386082AEEF30E00220DE9 /* Models */,
				906385DE2AEEF28A00220DE9 /* BudgetPlannerApp.swift */,
				906385E02AEEF28A00220DE9 /* ContentView.swift */,
				906385E22AEEF28B00220DE9 /* Assets.xcassets */,
				906385E42AEEF28B00220DE9 /* Preview Content */,
			);
			path = BudgetPlanner;
			sourceTree = "<group>";
		};
		906385E42AEEF28B00220DE9 /* Preview Content */ = {
			isa = PBXGroup;
			children = (
				906385E52AEEF28B00220DE9 /* Preview Assets.xcassets */,
			);
			path = "Preview Content";
			sourceTree = "<group>";
		};
		906385EE2AEEF28B00220DE9 /* BudgetPlannerTests */ = {
			isa = PBXGroup;
			children = (
				906385EF2AEEF28B00220DE9 /* BudgetPlannerTests.swift */,
			);
			path = BudgetPlannerTests;
			sourceTree = "<group>";
		};
		906385F82AEEF28B00220DE9 /* BudgetPlannerUITests */ = {
			isa = PBXGroup;
			children = (
				906385F92AEEF28B00220DE9 /* BudgetPlannerUITests.swift */,
				906385FB2AEEF28B00220DE9 /* BudgetPlannerUITestsLaunchTests.swift */,
			);
			path = BudgetPlannerUITests;
			sourceTree = "<group>";
		};
		906386082AEEF30E00220DE9 /* Models */ = {
			isa = PBXGroup;
			children = (
				906386092AEEF36200220DE9 /* Income.swift */,
			);
			path = Models;
			sourceTree = "<group>";
		};
		9063860B2AEFD2B000220DE9 /* ViewModels */ = {
			isa = PBXGroup;
			children = (
				9063860C2AEFD2C900220DE9 /* IncomeViewModel.swift */,
			);
			path = ViewModels;
			sourceTree = "<group>";
		};
		9063860E2AEFD5C200220DE9 /* Views */ = {
			isa = PBXGroup;
			children = (
				9063860F2AEFD5D100220DE9 /* IncomeListView.swift */,
				906386112AEFD5F300220DE9 /* IncomeRowView.swift */,
				906386142AEFD6A600220DE9 /* AddIncomeView.swift */,
				906386162AEFD7DC00220DE9 /* IncomeDetailsView.swift */,
				906386182AEFD8BE00220DE9 /* EditIncomeView.swift */,
				908E161D2AF907880008E7C8 /* NavBarView.swift */,
			);
			path = Views;
			sourceTree = "<group>";
		};
		908E16192AF7BBE90008E7C8 /* Modifiers */ = {
			isa = PBXGroup;
			children = (
				908E161A2AF7BBFE0008E7C8 /* CardStyleModifier.swift */,
			);
			path = Modifiers;
			sourceTree = "<group>";
		};
/* End PBXGroup section */

/* Begin PBXNativeTarget section */
		906385DA2AEEF28A00220DE9 /* BudgetPlanner */ = {
			isa = PBXNativeTarget;
			buildConfigurationList = 906385FF2AEEF28B00220DE9 /* Build configuration list for PBXNativeTarget "BudgetPlanner" */;
			buildPhases = (
				906385D72AEEF28A00220DE9 /* Sources */,
				906385D82AEEF28A00220DE9 /* Frameworks */,
				906385D92AEEF28A00220DE9 /* Resources */,
			);
			buildRules = (
			);
			dependencies = (
			);
			name = BudgetPlanner;
			productName = BudgetPlanner;
			productReference = 906385DB2AEEF28A00220DE9 /* BudgetPlanner.app */;
			productType = "com.apple.product-type.application";
		};
		906385EA2AEEF28B00220DE9 /* BudgetPlannerTests */ = {
			isa = PBXNativeTarget;
			buildConfigurationList = 906386022AEEF28B00220DE9 /* Build configuration list for PBXNativeTarget "BudgetPlannerTests" */;
			buildPhases = (
				906385E72AEEF28B00220DE9 /* Sources */,
				906385E82AEEF28B00220DE9 /* Frameworks */,
				906385E92AEEF28B00220DE9 /* Resources */,
			);
			buildRules = (
			);
			dependencies = (
				906385ED2AEEF28B00220DE9 /* PBXTargetDependency */,
			);
			name = BudgetPlannerTests;
			productName = BudgetPlannerTests;
			productReference = 906385EB2AEEF28B00220DE9 /* BudgetPlannerTests.xctest */;
			productType = "com.apple.product-type.bundle.unit-test";
		};
		906385F42AEEF28B00220DE9 /* BudgetPlannerUITests */ = {
			isa = PBXNativeTarget;
			buildConfigurationList = 906386052AEEF28B00220DE9 /* Build configuration list for PBXNativeTarget "BudgetPlannerUITests" */;
			buildPhases = (
				906385F12AEEF28B00220DE9 /* Sources */,
				906385F22AEEF28B00220DE9 /* Frameworks */,
				906385F32AEEF28B00220DE9 /* Resources */,
			);
			buildRules = (
			);
			dependencies = (
				906385F72AEEF28B00220DE9 /* PBXTargetDependency */,
			);
			name = BudgetPlannerUITests;
			productName = BudgetPlannerUITests;
			productReference = 906385F52AEEF28B00220DE9 /* BudgetPlannerUITests.xctest */;
			productType = "com.apple.product-type.bundle.ui-testing";
		};
/* End PBXNativeTarget section */

/* Begin PBXProject section */
		906385D32AEEF28A00220DE9 /* Project object */ = {
			isa = PBXProject;
			attributes = {
				BuildIndependentTargetsInParallel = 1;
				LastSwiftUpdateCheck = 1430;
				LastUpgradeCheck = 1430;
				TargetAttributes = {
					906385DA2AEEF28A00220DE9 = {
						CreatedOnToolsVersion = 14.3.1;
					};
					906385EA2AEEF28B00220DE9 = {
						CreatedOnToolsVersion = 14.3.1;
						TestTargetID = 906385DA2AEEF28A00220DE9;
					};
					906385F42AEEF28B00220DE9 = {
						CreatedOnToolsVersion = 14.3.1;
						TestTargetID = 906385DA2AEEF28A00220DE9;
					};
				};
			};
			buildConfigurationList = 906385D62AEEF28A00220DE9 /* Build configuration list for PBXProject "BudgetPlanner" */;
			compatibilityVersion = "Xcode 14.0";
			developmentRegion = en;
			hasScannedForEncodings = 0;
			knownRegions = (
				en,
				Base,
			);
			mainGroup = 906385D22AEEF28A00220DE9;
			productRefGroup = 906385DC2AEEF28A00220DE9 /* Products */;
			projectDirPath = "";
			projectRoot = "";
			targets = (
				906385DA2AEEF28A00220DE9 /* BudgetPlanner */,
				906385EA2AEEF28B00220DE9 /* BudgetPlannerTests */,
				906385F42AEEF28B00220DE9 /* BudgetPlannerUITests */,
			);
		};
/* End PBXProject section */

/* Begin PBXResourcesBuildPhase section */
		906385D92AEEF28A00220DE9 /* Resources */ = {
			isa = PBXResourcesBuildPhase;
			buildActionMask = 2147483647;
			files = (
				906385E62AEEF28B00220DE9 /* Preview Assets.xcassets in Resources */,
				906385E32AEEF28B00220DE9 /* Assets.xcassets in Resources */,
			);
			runOnlyForDeploymentPostprocessing = 0;
		};
		906385E92AEEF28B00220DE9 /* Resources */ = {
			isa = PBXResourcesBuildPhase;
			buildActionMask = 2147483647;
			files = (
			);
			runOnlyForDeploymentPostprocessing = 0;
		};
		906385F32AEEF28B00220DE9 /* Resources */ = {
			isa = PBXResourcesBuildPhase;
			buildActionMask = 2147483647;
			files = (
			);
			runOnlyForDeploymentPostprocessing = 0;
		};
/* End PBXResourcesBuildPhase section */

/* Begin PBXSourcesBuildPhase section */
		906385D72AEEF28A00220DE9 /* Sources */ = {
			isa = PBXSourcesBuildPhase;
			buildActionMask = 2147483647;
			files = (
				906385E12AEEF28A00220DE9 /* ContentView.swift in Sources */,
				908E161E2AF907880008E7C8 /* NavBarView.swift in Sources */,
				9063860A2AEEF36200220DE9 /* Income.swift in Sources */,
				906386122AEFD5F300220DE9 /* IncomeRowView.swift in Sources */,
				906386152AEFD6A600220DE9 /* AddIncomeView.swift in Sources */,
				906386192AEFD8BE00220DE9 /* EditIncomeView.swift in Sources */,
				906385DF2AEEF28A00220DE9 /* BudgetPlannerApp.swift in Sources */,
				908E161B2AF7BBFE0008E7C8 /* CardStyleModifier.swift in Sources */,
				906386102AEFD5D100220DE9 /* IncomeListView.swift in Sources */,
				906386172AEFD7DC00220DE9 /* IncomeDetailsView.swift in Sources */,
				9063860D2AEFD2C900220DE9 /* IncomeViewModel.swift in Sources */,
			);
			runOnlyForDeploymentPostprocessing = 0;
		};
		906385E72AEEF28B00220DE9 /* Sources */ = {
			isa = PBXSourcesBuildPhase;
			buildActionMask = 2147483647;
			files = (
				906385F02AEEF28B00220DE9 /* BudgetPlannerTests.swift in Sources */,
			);
			runOnlyForDeploymentPostprocessing = 0;
		};
		906385F12AEEF28B00220DE9 /* Sources */ = {
			isa = PBXSourcesBuildPhase;
			buildActionMask = 2147483647;
			files = (
				906385FC2AEEF28B00220DE9 /* BudgetPlannerUITestsLaunchTests.swift in Sources */,
				906385FA2AEEF28B00220DE9 /* BudgetPlannerUITests.swift in Sources */,
			);
			runOnlyForDeploymentPostprocessing = 0;
		};
/* End PBXSourcesBuildPhase section */

/* Begin PBXTargetDependency section */
		906385ED2AEEF28B00220DE9 /* PBXTargetDependency */ = {
			isa = PBXTargetDependency;
			target = 906385DA2AEEF28A00220DE9 /* BudgetPlanner */;
			targetProxy = 906385EC2AEEF28B00220DE9 /* PBXContainerItemProxy */;
		};
		906385F72AEEF28B00220DE9 /* PBXTargetDependency */ = {
			isa = PBXTargetDependency;
			target = 906385DA2AEEF28A00220DE9 /* BudgetPlanner */;
			targetProxy = 906385F62AEEF28B00220DE9 /* PBXContainerItemProxy */;
		};
/* End PBXTargetDependency section */

/* Begin XCBuildConfiguration section */
		906385FD2AEEF28B00220DE9 /* Debug */ = {
			isa = XCBuildConfiguration;
			buildSettings = {
				ALWAYS_SEARCH_USER_PATHS = NO;
				CLANG_ANALYZER_NONNULL = YES;
				CLANG_ANALYZER_NUMBER_OBJECT_CONVERSION = YES_AGGRESSIVE;
				CLANG_CXX_LANGUAGE_STANDARD = "gnu++20";
				CLANG_ENABLE_MODULES = YES;
				CLANG_ENABLE_OBJC_ARC = YES;
				CLANG_ENABLE_OBJC_WEAK = YES;
				CLANG_WARN_BLOCK_CAPTURE_AUTORELEASING = YES;
				CLANG_WARN_BOOL_CONVERSION = YES;
				CLANG_WARN_COMMA = YES;
				CLANG_WARN_CONSTANT_CONVERSION = YES;
				CLANG_WARN_DEPRECATED_OBJC_IMPLEMENTATIONS = YES;
				CLANG_WARN_DIRECT_OBJC_ISA_USAGE = YES_ERROR;
				CLANG_WARN_DOCUMENTATION_COMMENTS = YES;
				CLANG_WARN_EMPTY_BODY = YES;
				CLANG_WARN_ENUM_CONVERSION = YES;
				CLANG_WARN_INFINITE_RECURSION = YES;
				CLANG_WARN_INT_CONVERSION = YES;
				CLANG_WARN_NON_LITERAL_NULL_CONVERSION = YES;
				CLANG_WARN_OBJC_IMPLICIT_RETAIN_SELF = YES;
				CLANG_WARN_OBJC_LITERAL_CONVERSION = YES;
				CLANG_WARN_OBJC_ROOT_CLASS = YES_ERROR;
				CLANG_WARN_QUOTED_INCLUDE_IN_FRAMEWORK_HEADER = YES;
				CLANG_WARN_RANGE_LOOP_ANALYSIS = YES;
				CLANG_WARN_STRICT_PROTOTYPES = YES;
				CLANG_WARN_SUSPICIOUS_MOVE = YES;
				CLANG_WARN_UNGUARDED_AVAILABILITY = YES_AGGRESSIVE;
				CLANG_WARN_UNREACHABLE_CODE = YES;
				CLANG_WARN__DUPLICATE_METHOD_MATCH = YES;
				COPY_PHASE_STRIP = NO;
				DEBUG_INFORMATION_FORMAT = dwarf;
				ENABLE_STRICT_OBJC_MSGSEND = YES;
				ENABLE_TESTABILITY = YES;
				GCC_C_LANGUAGE_STANDARD = gnu11;
				GCC_DYNAMIC_NO_PIC = NO;
				GCC_NO_COMMON_BLOCKS = YES;
				GCC_OPTIMIZATION_LEVEL = 0;
				GCC_PREPROCESSOR_DEFINITIONS = (
					"DEBUG=1",
					"$(inherited)",
				);
				GCC_WARN_64_TO_32_BIT_CONVERSION = YES;
				GCC_WARN_ABOUT_RETURN_TYPE = YES_ERROR;
				GCC_WARN_UNDECLARED_SELECTOR = YES;
				GCC_WARN_UNINITIALIZED_AUTOS = YES_AGGRESSIVE;
				GCC_WARN_UNUSED_FUNCTION = YES;
				GCC_WARN_UNUSED_VARIABLE = YES;
				IPHONEOS_DEPLOYMENT_TARGET = 16.4;
				MTL_ENABLE_DEBUG_INFO = INCLUDE_SOURCE;
				MTL_FAST_MATH = YES;
				ONLY_ACTIVE_ARCH = YES;
				SDKROOT = iphoneos;
				SWIFT_ACTIVE_COMPILATION_CONDITIONS = DEBUG;
				SWIFT_OPTIMIZATION_LEVEL = "-Onone";
			};
			name = Debug;
		};
		906385FE2AEEF28B00220DE9 /* Release */ = {
			isa = XCBuildConfiguration;
			buildSettings = {
				ALWAYS_SEARCH_USER_PATHS = NO;
				CLANG_ANALYZER_NONNULL = YES;
				CLANG_ANALYZER_NUMBER_OBJECT_CONVERSION = YES_AGGRESSIVE;
				CLANG_CXX_LANGUAGE_STANDARD = "gnu++20";
				CLANG_ENABLE_MODULES = YES;
				CLANG_ENABLE_OBJC_ARC = YES;
				CLANG_ENABLE_OBJC_WEAK = YES;
				CLANG_WARN_BLOCK_CAPTURE_AUTORELEASING = YES;
				CLANG_WARN_BOOL_CONVERSION = YES;
				CLANG_WARN_COMMA = YES;
				CLANG_WARN_CONSTANT_CONVERSION = YES;
				CLANG_WARN_DEPRECATED_OBJC_IMPLEMENTATIONS = YES;
				CLANG_WARN_DIRECT_OBJC_ISA_USAGE = YES_ERROR;
				CLANG_WARN_DOCUMENTATION_COMMENTS = YES;
				CLANG_WARN_EMPTY_BODY = YES;
				CLANG_WARN_ENUM_CONVERSION = YES;
				CLANG_WARN_INFINITE_RECURSION = YES;
				CLANG_WARN_INT_CONVERSION = YES;
				CLANG_WARN_NON_LITERAL_NULL_CONVERSION = YES;
				CLANG_WARN_OBJC_IMPLICIT_RETAIN_SELF = YES;
				CLANG_WARN_OBJC_LITERAL_CONVERSION = YES;
				CLANG_WARN_OBJC_ROOT_CLASS = YES_ERROR;
				CLANG_WARN_QUOTED_INCLUDE_IN_FRAMEWORK_HEADER = YES;
				CLANG_WARN_RANGE_LOOP_ANALYSIS = YES;
				CLANG_WARN_STRICT_PROTOTYPES = YES;
				CLANG_WARN_SUSPICIOUS_MOVE = YES;
				CLANG_WARN_UNGUARDED_AVAILABILITY = YES_AGGRESSIVE;
				CLANG_WARN_UNREACHABLE_CODE = YES;
				CLANG_WARN__DUPLICATE_METHOD_MATCH = YES;
				COPY_PHASE_STRIP = NO;
				DEBUG_INFORMATION_FORMAT = "dwarf-with-dsym";
				ENABLE_NS_ASSERTIONS = NO;
				ENABLE_STRICT_OBJC_MSGSEND = YES;
				GCC_C_LANGUAGE_STANDARD = gnu11;
				GCC_NO_COMMON_BLOCKS = YES;
				GCC_WARN_64_TO_32_BIT_CONVERSION = YES;
				GCC_WARN_ABOUT_RETURN_TYPE = YES_ERROR;
				GCC_WARN_UNDECLARED_SELECTOR = YES;
				GCC_WARN_UNINITIALIZED_AUTOS = YES_AGGRESSIVE;
				GCC_WARN_UNUSED_FUNCTION = YES;
				GCC_WARN_UNUSED_VARIABLE = YES;
				IPHONEOS_DEPLOYMENT_TARGET = 16.4;
				MTL_ENABLE_DEBUG_INFO = NO;
				MTL_FAST_MATH = YES;
				SDKROOT = iphoneos;
				SWIFT_COMPILATION_MODE = wholemodule;
				SWIFT_OPTIMIZATION_LEVEL = "-O";
				VALIDATE_PRODUCT = YES;
			};
			name = Release;
		};
		906386002AEEF28B00220DE9 /* Debug */ = {
			isa = XCBuildConfiguration;
			buildSettings = {
				ASSETCATALOG_COMPILER_APPICON_NAME = AppIcon;
				ASSETCATALOG_COMPILER_GLOBAL_ACCENT_COLOR_NAME = AccentColor;
				CODE_SIGN_STYLE = Automatic;
				CURRENT_PROJECT_VERSION = 1;
				DEVELOPMENT_ASSET_PATHS = "\"BudgetPlanner/Preview Content\"";
				ENABLE_PREVIEWS = YES;
				GENERATE_INFOPLIST_FILE = YES;
				INFOPLIST_KEY_UIApplicationSceneManifest_Generation = YES;
				INFOPLIST_KEY_UIApplicationSupportsIndirectInputEvents = YES;
				INFOPLIST_KEY_UILaunchScreen_Generation = YES;
				INFOPLIST_KEY_UISupportedInterfaceOrientations_iPad = "UIInterfaceOrientationPortrait UIInterfaceOrientationPortraitUpsideDown UIInterfaceOrientationLandscapeLeft UIInterfaceOrientationLandscapeRight";
				INFOPLIST_KEY_UISupportedInterfaceOrientations_iPhone = "UIInterfaceOrientationPortrait UIInterfaceOrientationLandscapeLeft UIInterfaceOrientationLandscapeRight";
				LD_RUNPATH_SEARCH_PATHS = (
					"$(inherited)",
					"@executable_path/Frameworks",
				);
				MARKETING_VERSION = 1.0;
				PRODUCT_BUNDLE_IDENTIFIER = Iulia.BudgetPlanner;
				PRODUCT_NAME = "$(TARGET_NAME)";
				SWIFT_EMIT_LOC_STRINGS = YES;
				SWIFT_VERSION = 5.0;
				TARGETED_DEVICE_FAMILY = "1,2";
			};
			name = Debug;
		};
		906386012AEEF28B00220DE9 /* Release */ = {
			isa = XCBuildConfiguration;
			buildSettings = {
				ASSETCATALOG_COMPILER_APPICON_NAME = AppIcon;
				ASSETCATALOG_COMPILER_GLOBAL_ACCENT_COLOR_NAME = AccentColor;
				CODE_SIGN_STYLE = Automatic;
				CURRENT_PROJECT_VERSION = 1;
				DEVELOPMENT_ASSET_PATHS = "\"BudgetPlanner/Preview Content\"";
				ENABLE_PREVIEWS = YES;
				GENERATE_INFOPLIST_FILE = YES;
				INFOPLIST_KEY_UIApplicationSceneManifest_Generation = YES;
				INFOPLIST_KEY_UIApplicationSupportsIndirectInputEvents = YES;
				INFOPLIST_KEY_UILaunchScreen_Generation = YES;
				INFOPLIST_KEY_UISupportedInterfaceOrientations_iPad = "UIInterfaceOrientationPortrait UIInterfaceOrientationPortraitUpsideDown UIInterfaceOrientationLandscapeLeft UIInterfaceOrientationLandscapeRight";
				INFOPLIST_KEY_UISupportedInterfaceOrientations_iPhone = "UIInterfaceOrientationPortrait UIInterfaceOrientationLandscapeLeft UIInterfaceOrientationLandscapeRight";
				LD_RUNPATH_SEARCH_PATHS = (
					"$(inherited)",
					"@executable_path/Frameworks",
				);
				MARKETING_VERSION = 1.0;
				PRODUCT_BUNDLE_IDENTIFIER = Iulia.BudgetPlanner;
				PRODUCT_NAME = "$(TARGET_NAME)";
				SWIFT_EMIT_LOC_STRINGS = YES;
				SWIFT_VERSION = 5.0;
				TARGETED_DEVICE_FAMILY = "1,2";
			};
			name = Release;
		};
		906386032AEEF28B00220DE9 /* Debug */ = {
			isa = XCBuildConfiguration;
			buildSettings = {
				ALWAYS_EMBED_SWIFT_STANDARD_LIBRARIES = YES;
				BUNDLE_LOADER = "$(TEST_HOST)";
				CODE_SIGN_STYLE = Automatic;
				CURRENT_PROJECT_VERSION = 1;
				GENERATE_INFOPLIST_FILE = YES;
				IPHONEOS_DEPLOYMENT_TARGET = 16.4;
				MARKETING_VERSION = 1.0;
				PRODUCT_BUNDLE_IDENTIFIER = Iulia.BudgetPlannerTests;
				PRODUCT_NAME = "$(TARGET_NAME)";
				SWIFT_EMIT_LOC_STRINGS = NO;
				SWIFT_VERSION = 5.0;
				TARGETED_DEVICE_FAMILY = "1,2";
				TEST_HOST = "$(BUILT_PRODUCTS_DIR)/BudgetPlanner.app/$(BUNDLE_EXECUTABLE_FOLDER_PATH)/BudgetPlanner";
			};
			name = Debug;
		};
		906386042AEEF28B00220DE9 /* Release */ = {
			isa = XCBuildConfiguration;
			buildSettings = {
				ALWAYS_EMBED_SWIFT_STANDARD_LIBRARIES = YES;
				BUNDLE_LOADER = "$(TEST_HOST)";
				CODE_SIGN_STYLE = Automatic;
				CURRENT_PROJECT_VERSION = 1;
				GENERATE_INFOPLIST_FILE = YES;
				IPHONEOS_DEPLOYMENT_TARGET = 16.4;
				MARKETING_VERSION = 1.0;
				PRODUCT_BUNDLE_IDENTIFIER = Iulia.BudgetPlannerTests;
				PRODUCT_NAME = "$(TARGET_NAME)";
				SWIFT_EMIT_LOC_STRINGS = NO;
				SWIFT_VERSION = 5.0;
				TARGETED_DEVICE_FAMILY = "1,2";
				TEST_HOST = "$(BUILT_PRODUCTS_DIR)/BudgetPlanner.app/$(BUNDLE_EXECUTABLE_FOLDER_PATH)/BudgetPlanner";
			};
			name = Release;
		};
		906386062AEEF28B00220DE9 /* Debug */ = {
			isa = XCBuildConfiguration;
			buildSettings = {
				ALWAYS_EMBED_SWIFT_STANDARD_LIBRARIES = YES;
				CODE_SIGN_STYLE = Automatic;
				CURRENT_PROJECT_VERSION = 1;
				GENERATE_INFOPLIST_FILE = YES;
				MARKETING_VERSION = 1.0;
				PRODUCT_BUNDLE_IDENTIFIER = Iulia.BudgetPlannerUITests;
				PRODUCT_NAME = "$(TARGET_NAME)";
				SWIFT_EMIT_LOC_STRINGS = NO;
				SWIFT_VERSION = 5.0;
				TARGETED_DEVICE_FAMILY = "1,2";
				TEST_TARGET_NAME = BudgetPlanner;
			};
			name = Debug;
		};
		906386072AEEF28B00220DE9 /* Release */ = {
			isa = XCBuildConfiguration;
			buildSettings = {
				ALWAYS_EMBED_SWIFT_STANDARD_LIBRARIES = YES;
				CODE_SIGN_STYLE = Automatic;
				CURRENT_PROJECT_VERSION = 1;
				GENERATE_INFOPLIST_FILE = YES;
				MARKETING_VERSION = 1.0;
				PRODUCT_BUNDLE_IDENTIFIER = Iulia.BudgetPlannerUITests;
				PRODUCT_NAME = "$(TARGET_NAME)";
				SWIFT_EMIT_LOC_STRINGS = NO;
				SWIFT_VERSION = 5.0;
				TARGETED_DEVICE_FAMILY = "1,2";
				TEST_TARGET_NAME = BudgetPlanner;
			};
			name = Release;
		};
/* End XCBuildConfiguration section */

/* Begin XCConfigurationList section */
		906385D62AEEF28A00220DE9 /* Build configuration list for PBXProject "BudgetPlanner" */ = {
			isa = XCConfigurationList;
			buildConfigurations = (
				906385FD2AEEF28B00220DE9 /* Debug */,
				906385FE2AEEF28B00220DE9 /* Release */,
			);
			defaultConfigurationIsVisible = 0;
			defaultConfigurationName = Release;
		};
		906385FF2AEEF28B00220DE9 /* Build configuration list for PBXNativeTarget "BudgetPlanner" */ = {
			isa = XCConfigurationList;
			buildConfigurations = (
				906386002AEEF28B00220DE9 /* Debug */,
				906386012AEEF28B00220DE9 /* Release */,
			);
			defaultConfigurationIsVisible = 0;
			defaultConfigurationName = Release;
		};
		906386022AEEF28B00220DE9 /* Build configuration list for PBXNativeTarget "BudgetPlannerTests" */ = {
			isa = XCConfigurationList;
			buildConfigurations = (
				906386032AEEF28B00220DE9 /* Debug */,
				906386042AEEF28B00220DE9 /* Release */,
			);
			defaultConfigurationIsVisible = 0;
			defaultConfigurationName = Release;
		};
		906386052AEEF28B00220DE9 /* Build configuration list for PBXNativeTarget "BudgetPlannerUITests" */ = {
			isa = XCConfigurationList;
			buildConfigurations = (
				906386062AEEF28B00220DE9 /* Debug */,
				906386072AEEF28B00220DE9 /* Release */,
			);
			defaultConfigurationIsVisible = 0;
			defaultConfigurationName = Release;
		};
/* End XCConfigurationList section */
	};
	rootObject = 906385D32AEEF28A00220DE9 /* Project object */;
}
