
Microsoft Visual Studio Solution File, Format Version 12.00
# Visual Studio Version 17
VisualStudioVersion = 17.0.32126.317
MinimumVisualStudioVersion = 10.0.40219.1
Project("{8BC9CEB8-8B4A-11D0-8D11-00A0C91BC942}") = "Seminar4_913", "Seminar4_913\Seminar4_913.vcxproj", "{494667B0-7D67-48FE-97AD-B916E89753D9}"
EndProject
Global
	GlobalSection(SolutionConfigurationPlatforms) = preSolution
		Debug|x64 = Debug|x64
		Debug|x86 = Debug|x86
		Release|x64 = Release|x64
		Release|x86 = Release|x86
	EndGlobalSection
	GlobalSection(ProjectConfigurationPlatforms) = postSolution
		{494667B0-7D67-48FE-97AD-B916E89753D9}.Debug|x64.ActiveCfg = Debug|x64
		{494667B0-7D67-48FE-97AD-B916E89753D9}.Debug|x64.Build.0 = Debug|x64
		{494667B0-7D67-48FE-97AD-B916E89753D9}.Debug|x86.ActiveCfg = Debug|Win32
		{494667B0-7D67-48FE-97AD-B916E89753D9}.Debug|x86.Build.0 = Debug|Win32
		{494667B0-7D67-48FE-97AD-B916E89753D9}.Release|x64.ActiveCfg = Release|x64
		{494667B0-7D67-48FE-97AD-B916E89753D9}.Release|x64.Build.0 = Release|x64
		{494667B0-7D67-48FE-97AD-B916E89753D9}.Release|x86.ActiveCfg = Release|Win32
		{494667B0-7D67-48FE-97AD-B916E89753D9}.Release|x86.Build.0 = Release|Win32
	EndGlobalSection
	GlobalSection(SolutionProperties) = preSolution
		HideSolutionNode = FALSE
	EndGlobalSection
	GlobalSection(ExtensibilityGlobals) = postSolution
		SolutionGuid = {305B271E-CBC6-42A9-BF6E-372A3198F55F}
	EndGlobalSection
EndGlobal
