
Microsoft Visual Studio Solution File, Format Version 12.00
# Visual Studio Version 17
VisualStudioVersion = 17.0.32126.317
MinimumVisualStudioVersion = 10.0.40219.1
Project("{8BC9CEB8-8B4A-11D0-8D11-00A0C91BC942}") = "Seminar3_Week1_stub", "Seminar3_Week1_stub\Seminar3_Week1_stub.vcxproj", "{92367D35-99DE-4914-84B9-8AF8C9C81385}"
EndProject
Global
	GlobalSection(SolutionConfigurationPlatforms) = preSolution
		Debug|x64 = Debug|x64
		Debug|x86 = Debug|x86
		Release|x64 = Release|x64
		Release|x86 = Release|x86
	EndGlobalSection
	GlobalSection(ProjectConfigurationPlatforms) = postSolution
		{92367D35-99DE-4914-84B9-8AF8C9C81385}.Debug|x64.ActiveCfg = Debug|x64
		{92367D35-99DE-4914-84B9-8AF8C9C81385}.Debug|x64.Build.0 = Debug|x64
		{92367D35-99DE-4914-84B9-8AF8C9C81385}.Debug|x86.ActiveCfg = Debug|Win32
		{92367D35-99DE-4914-84B9-8AF8C9C81385}.Debug|x86.Build.0 = Debug|Win32
		{92367D35-99DE-4914-84B9-8AF8C9C81385}.Release|x64.ActiveCfg = Release|x64
		{92367D35-99DE-4914-84B9-8AF8C9C81385}.Release|x64.Build.0 = Release|x64
		{92367D35-99DE-4914-84B9-8AF8C9C81385}.Release|x86.ActiveCfg = Release|Win32
		{92367D35-99DE-4914-84B9-8AF8C9C81385}.Release|x86.Build.0 = Release|Win32
	EndGlobalSection
	GlobalSection(SolutionProperties) = preSolution
		HideSolutionNode = FALSE
	EndGlobalSection
	GlobalSection(ExtensibilityGlobals) = postSolution
		SolutionGuid = {4DF1750C-FE04-4E34-AE12-8791672D52FD}
	EndGlobalSection
EndGlobal
