
Microsoft Visual Studio Solution File, Format Version 12.00
# Visual Studio Version 17
VisualStudioVersion = 17.0.32126.317
MinimumVisualStudioVersion = 10.0.40219.1
Project("{8BC9CEB8-8B4A-11D0-8D11-00A0C91BC942}") = "Lecture10_demo_spin_slider", "Lecture10_demo\Lecture10_demo.vcxproj", "{FEC58575-DEDE-4A34-822E-A346EB7B4682}"
EndProject
Project("{8BC9CEB8-8B4A-11D0-8D11-00A0C91BC942}") = "Lecture10_genes", "Lecture10_genes\Lecture10_genes.vcxproj", "{13C86E67-6DB8-495E-A767-B70B465306C0}"
EndProject
Project("{8BC9CEB8-8B4A-11D0-8D11-00A0C91BC942}") = "Lecture10_introspection", "Lecture10_introspection\Lecture10_introspection.vcxproj", "{AF537CB4-EE31-4521-BFE9-55761E7D1A81}"
EndProject
Project("{8BC9CEB8-8B4A-11D0-8D11-00A0C91BC942}") = "Lecture10_Notepad", "Lecture10_notepad\Lecture10_notepad.vcxproj", "{20735A31-97C8-40E2-893F-528EAB09EF9E}"
EndProject
Project("{8BC9CEB8-8B4A-11D0-8D11-00A0C91BC942}") = "Drawing", "Drawing\Drawing.vcxproj", "{6943349D-E72B-4B00-8502-985E1616BDF1}"
EndProject
Global
	GlobalSection(SolutionConfigurationPlatforms) = preSolution
		Debug|x64 = Debug|x64
		Release|x64 = Release|x64
	EndGlobalSection
	GlobalSection(ProjectConfigurationPlatforms) = postSolution
		{FEC58575-DEDE-4A34-822E-A346EB7B4682}.Debug|x64.ActiveCfg = Debug|x64
		{FEC58575-DEDE-4A34-822E-A346EB7B4682}.Debug|x64.Build.0 = Debug|x64
		{FEC58575-DEDE-4A34-822E-A346EB7B4682}.Release|x64.ActiveCfg = Release|x64
		{FEC58575-DEDE-4A34-822E-A346EB7B4682}.Release|x64.Build.0 = Release|x64
		{13C86E67-6DB8-495E-A767-B70B465306C0}.Debug|x64.ActiveCfg = Debug|x64
		{13C86E67-6DB8-495E-A767-B70B465306C0}.Debug|x64.Build.0 = Debug|x64
		{13C86E67-6DB8-495E-A767-B70B465306C0}.Release|x64.ActiveCfg = Release|x64
		{13C86E67-6DB8-495E-A767-B70B465306C0}.Release|x64.Build.0 = Release|x64
		{AF537CB4-EE31-4521-BFE9-55761E7D1A81}.Debug|x64.ActiveCfg = Debug|x64
		{AF537CB4-EE31-4521-BFE9-55761E7D1A81}.Debug|x64.Build.0 = Debug|x64
		{AF537CB4-EE31-4521-BFE9-55761E7D1A81}.Release|x64.ActiveCfg = Release|x64
		{AF537CB4-EE31-4521-BFE9-55761E7D1A81}.Release|x64.Build.0 = Release|x64
		{20735A31-97C8-40E2-893F-528EAB09EF9E}.Debug|x64.ActiveCfg = Debug|x64
		{20735A31-97C8-40E2-893F-528EAB09EF9E}.Debug|x64.Build.0 = Debug|x64
		{20735A31-97C8-40E2-893F-528EAB09EF9E}.Release|x64.ActiveCfg = Release|x64
		{20735A31-97C8-40E2-893F-528EAB09EF9E}.Release|x64.Build.0 = Release|x64
		{6943349D-E72B-4B00-8502-985E1616BDF1}.Debug|x64.ActiveCfg = Debug|x64
		{6943349D-E72B-4B00-8502-985E1616BDF1}.Debug|x64.Build.0 = Debug|x64
		{6943349D-E72B-4B00-8502-985E1616BDF1}.Release|x64.ActiveCfg = Release|x64
		{6943349D-E72B-4B00-8502-985E1616BDF1}.Release|x64.Build.0 = Release|x64
	EndGlobalSection
	GlobalSection(SolutionProperties) = preSolution
		HideSolutionNode = FALSE
	EndGlobalSection
	GlobalSection(ExtensibilityGlobals) = postSolution
		SolutionGuid = {B1338585-5DA7-41EC-B47B-2895E5FA2F1D}
	EndGlobalSection
EndGlobal
