
Microsoft Visual Studio Solution File, Format Version 12.00
# Visual Studio Version 17
VisualStudioVersion = 17.1.32210.238
MinimumVisualStudioVersion = 10.0.40219.1
Project("{FAE04EC0-301F-11D3-BF4B-00C04F79EFBC}") = "Exam", "Exam\Exam.csproj", "{2379DC70-D74B-4E02-9870-0E1005FDA230}"
EndProject
Global
	GlobalSection(SolutionConfigurationPlatforms) = preSolution
		Debug|Any CPU = Debug|Any CPU
		Release|Any CPU = Release|Any CPU
	EndGlobalSection
	GlobalSection(ProjectConfigurationPlatforms) = postSolution
		{2379DC70-D74B-4E02-9870-0E1005FDA230}.Debug|Any CPU.ActiveCfg = Debug|Any CPU
		{2379DC70-D74B-4E02-9870-0E1005FDA230}.Debug|Any CPU.Build.0 = Debug|Any CPU
		{2379DC70-D74B-4E02-9870-0E1005FDA230}.Release|Any CPU.ActiveCfg = Release|Any CPU
		{2379DC70-D74B-4E02-9870-0E1005FDA230}.Release|Any CPU.Build.0 = Release|Any CPU
	EndGlobalSection
	GlobalSection(SolutionProperties) = preSolution
		HideSolutionNode = FALSE
	EndGlobalSection
	GlobalSection(ExtensibilityGlobals) = postSolution
		SolutionGuid = {94CF402E-EF8E-4A42-9768-37F783776ED2}
	EndGlobalSection
EndGlobal
